{
    "_readme": [
        "This file locks the dependencies of your project to a known state",
        "Read more about it at https://getcomposer.org/doc/01-basic-usage.md#composer-lock-the-lock-file",
        "This file is @generated automatically"
    ],
    "hash": "90dab20540559b624ca6ac51645db626",
    "content-hash": "8da54514c467135f94edaa9892c01cfc",
    "packages": [
        {
            "name": "nicebot14/amocrm",
            "version": "dev-master",
            "source": {
                "type": "git",
                "url": "https://github.com/nicebot14/amocrm-php.git",
                "reference": "4585871649666479bfc7a399e3fe66592e4e076a"
            },
            "require": {
                "php": ">=5.5.0"
            },
            "require-dev": {
                "phpunit/phpunit": "4.0.*"
            },
            "type": "library",
            "autoload": {
                "psr-4": {
                    "AmoCRM\\": "src"
                }
            },
            "autoload-dev": {
                "classmap": [
                    "tests/TestCase.php"
                ]
            },
            "license": [
                "MIT"
            ],
            "authors": [
                {
                    "name": "dotzero",
                    "email": "mail@dotzero.ru"
                }
            ],
            "description": "Удобный и быстрый клиент для работы с API amoCRM",
            "keywords": [
                "amocrm",
                "api",
                "crm"
            ],
            "time": "2017-05-22 14:22:40"
        }
    ],
    "packages-dev": [],
    "aliases": [],
    "minimum-stability": "stable",
    "stability-flags": {
        "nicebot14/amocrm": 20
    },
    "prefer-stable": false,
    "prefer-lowest": false,
    "platform": [],
    "platform-dev": []
}
